{
    "_readme": [
        "This file locks the dependencies of your project to a known state",
        "Read more about it at https://getcomposer.org/doc/01-basic-usage.md#composer-lock-the-lock-file",
        "This file is @generated automatically"
    ],
    "content-hash": "2cf555d01bf6aea198e6b476edb339f5",
    "packages": [],
    "packages-dev": [
        {
            "name": "jdgrimes/wpppb",
            "version": "0.3.0",
            "source": {
                "type": "git",
                "url": "https://github.com/JDGrimes/wpppb.git",
                "reference": "94c7ef9bce976ffc08b1174cc5e61f3b6e7435c4"
            },
            "dist": {
                "type": "zip",
                "url": "https://api.github.com/repos/JDGrimes/wpppb/zipball/94c7ef9bce976ffc08b1174cc5e61f3b6e7435c4",
                "reference": "94c7ef9bce976ffc08b1174cc5e61f3b6e7435c4",
                "shasum": ""
            },
            "require": {
                "php": ">=5.2.0"
            },
            "bin": [
                "bin/wpppb-init"
            ],
            "type": "library",
            "autoload": {
                "psr-0": {
                    "WPPPB_": "src/"
                }
            },
            "notification-url": "https://packagist.org/downloads/",
            "license": [
                "MIT"
            ],
            "authors": [
                {
                    "name": "J.D. Grimes",
                    "email": "jdg@codesymphony.co",
                    "homepage": "http://codesymphony.co",
                    "role": "Developer"
                }
            ],
            "description": "Bootstrap for integration testing WordPress plugins with PHPUnit",
            "homepage": "https://github.com/JDGrimes/wpppb",
            "time": "2017-10-06T16:14:08+00:00"
        }
    ],
    "aliases": [],
    "minimum-stability": "stable",
    "stability-flags": [],
    "prefer-stable": false,
    "prefer-lowest": false,
    "platform": [],
    "platform-dev": []
}
